
Microsoft Visual Studio Solution File, Format Version 12.00
# Visual Studio 14
VisualStudioVersion = 14.0.23107.0
MinimumVisualStudioVersion = 10.0.40219.1
Project("{2150E333-8FDC-42A3-9474-1A3956D46DE8}") = "src", "src", "{C319F444-955E-43DB-8ACB-F849CBBF0544}"
EndProject
Project("{2150E333-8FDC-42A3-9474-1A3956D46DE8}") = "Solution Items", "Solution Items", "{F927987C-B196-40E0-ABA5-D550A2F63BF0}"
	ProjectSection(SolutionItems) = preProject
		global.json = global.json
		LICENSE.md = LICENSE.md
		README.md = README.md
	EndProjectSection
EndProject
Project("{8BB2217D-0F2D-49D1-97BC-3654ED321F3B}") = "BaznaPitanja", "src\BaznaPitanja\BaznaPitanja.xproj", "{D0265BB9-8F83-44A9-8503-5337AF62564C}"
EndProject
Global
	GlobalSection(SolutionConfigurationPlatforms) = preSolution
		Debug|Any CPU = Debug|Any CPU
		Release|Any CPU = Release|Any CPU
	EndGlobalSection
	GlobalSection(ProjectConfigurationPlatforms) = postSolution
		{D0265BB9-8F83-44A9-8503-5337AF62564C}.Debug|Any CPU.ActiveCfg = Debug|Any CPU
		{D0265BB9-8F83-44A9-8503-5337AF62564C}.Debug|Any CPU.Build.0 = Debug|Any CPU
		{D0265BB9-8F83-44A9-8503-5337AF62564C}.Release|Any CPU.ActiveCfg = Release|Any CPU
		{D0265BB9-8F83-44A9-8503-5337AF62564C}.Release|Any CPU.Build.0 = Release|Any CPU
	EndGlobalSection
	GlobalSection(SolutionProperties) = preSolution
		HideSolutionNode = FALSE
	EndGlobalSection
	GlobalSection(NestedProjects) = preSolution
		{D0265BB9-8F83-44A9-8503-5337AF62564C} = {C319F444-955E-43DB-8ACB-F849CBBF0544}
	EndGlobalSection
EndGlobal
